
Microsoft Visual Studio Solution File, Format Version 12.00
# Visual Studio Version 16
VisualStudioVersion = 16.0.31005.135
MinimumVisualStudioVersion = 10.0.40219.1
Project("{9A19103F-16F7-4668-BE54-9A1E7A4F7556}") = "AWS.SecretManager.ConfigurationExtension", "AWS.SecretManager.ConfigurationExtension\AWS.SecretManager.ConfigurationExtension.csproj", "{4310B353-67E4-4E11-8233-344D825469F7}"
EndProject
Global
	GlobalSection(SolutionConfigurationPlatforms) = preSolution
		Debug|Any CPU = Debug|Any CPU
		Release|Any CPU = Release|Any CPU
	EndGlobalSection
	GlobalSection(ProjectConfigurationPlatforms) = postSolution
		{4310B353-67E4-4E11-8233-344D825469F7}.Debug|Any CPU.ActiveCfg = Debug|Any CPU
		{4310B353-67E4-4E11-8233-344D825469F7}.Debug|Any CPU.Build.0 = Debug|Any CPU
		{4310B353-67E4-4E11-8233-344D825469F7}.Release|Any CPU.ActiveCfg = Release|Any CPU
		{4310B353-67E4-4E11-8233-344D825469F7}.Release|Any CPU.Build.0 = Release|Any CPU
	EndGlobalSection
	GlobalSection(SolutionProperties) = preSolution
		HideSolutionNode = FALSE
	EndGlobalSection
	GlobalSection(ExtensibilityGlobals) = postSolution
		SolutionGuid = {06976EDD-5009-46F5-824F-3D2621242511}
	EndGlobalSection
EndGlobal
